Microsoft Visual Studio Solution File, Format Version 12.00
# Visual Studio Version 17
VisualStudioVersion = 17.13.35931.197
MinimumVisualStudioVersion = 10.0.40219.1
Project("{8BC9CEB8-8B4A-11D0-8D11-00A0C91BC942}") = "Algorithm", "Algorithm\Algorithm.vcxproj", "{62B0E785-DDF8-4C77-AD23-C0995D40B026}"
EndProject
Project("{8BC9CEB8-8B4A-11D0-8D11-00A0C91BC942}") = "List", "List\List.vcxproj", "{BE725A3C-7109-4724-A385-D6C0F25F4ECF}"
EndProject
Project("{8BC9CEB8-8B4A-11D0-8D11-00A0C91BC942}") = "Stack", "Stack\Stack.vcxproj", "{266CC7AB-F6A5-4372-B906-CF36E3C80B9C}"
EndProject
Project("{8BC9CEB8-8B4A-11D0-8D11-00A0C91BC942}") = "Queue", "Queue\Queue.vcxproj", "{5B0F20CD-6CFD-4644-9FF3-06ABBDF2DC1F}"
EndProject
Global
	GlobalSection(SolutionConfigurationPlatforms) = preSolution
		Debug|x64 = Debug|x64
		Debug|x86 = Debug|x86
		Release|x64 = Release|x64
		Release|x86 = Release|x86
	EndGlobalSection
	GlobalSection(ProjectConfigurationPlatforms) = postSolution
		{62B0E785-DDF8-4C77-AD23-C0995D40B026}.Debug|x64.ActiveCfg = Debug|x64
		{62B0E785-DDF8-4C77-AD23-C0995D40B026}.Debug|x64.Build.0 = Debug|x64
		{62B0E785-DDF8-4C77-AD23-C0995D40B026}.Debug|x86.ActiveCfg = Debug|Win32
		{62B0E785-DDF8-4C77-AD23-C0995D40B026}.Debug|x86.Build.0 = Debug|Win32
		{62B0E785-DDF8-4C77-AD23-C0995D40B026}.Release|x64.ActiveCfg = Release|x64
		{62B0E785-DDF8-4C77-AD23-C0995D40B026}.Release|x64.Build.0 = Release|x64
		{62B0E785-DDF8-4C77-AD23-C0995D40B026}.Release|x86.ActiveCfg = Release|Win32
		{62B0E785-DDF8-4C77-AD23-C0995D40B026}.Release|x86.Build.0 = Release|Win32
		{BE725A3C-7109-4724-A385-D6C0F25F4ECF}.Debug|x64.ActiveCfg = Debug|x64
		{BE725A3C-7109-4724-A385-D6C0F25F4ECF}.Debug|x64.Build.0 = Debug|x64
		{BE725A3C-7109-4724-A385-D6C0F25F4ECF}.Debug|x86.ActiveCfg = Debug|Win32
		{BE725A3C-7109-4724-A385-D6C0F25F4ECF}.Debug|x86.Build.0 = Debug|Win32
		{BE725A3C-7109-4724-A385-D6C0F25F4ECF}.Release|x64.ActiveCfg = Release|x64
		{BE725A3C-7109-4724-A385-D6C0F25F4ECF}.Release|x64.Build.0 = Release|x64
		{BE725A3C-7109-4724-A385-D6C0F25F4ECF}.Release|x86.ActiveCfg = Release|Win32
		{BE725A3C-7109-4724-A385-D6C0F25F4ECF}.Release|x86.Build.0 = Release|Win32
		{266CC7AB-F6A5-4372-B906-CF36E3C80B9C}.Debug|x64.ActiveCfg = Debug|x64
		{266CC7AB-F6A5-4372-B906-CF36E3C80B9C}.Debug|x64.Build.0 = Debug|x64
		{266CC7AB-F6A5-4372-B906-CF36E3C80B9C}.Debug|x86.ActiveCfg = Debug|Win32
		{266CC7AB-F6A5-4372-B906-CF36E3C80B9C}.Debug|x86.Build.0 = Debug|Win32
		{266CC7AB-F6A5-4372-B906-CF36E3C80B9C}.Release|x64.ActiveCfg = Release|x64
		{266CC7AB-F6A5-4372-B906-CF36E3C80B9C}.Release|x64.Build.0 = Release|x64
		{266CC7AB-F6A5-4372-B906-CF36E3C80B9C}.Release|x86.ActiveCfg = Release|Win32
		{266CC7AB-F6A5-4372-B906-CF36E3C80B9C}.Release|x86.Build.0 = Release|Win32
		{5B0F20CD-6CFD-4644-9FF3-06ABBDF2DC1F}.Debug|x64.ActiveCfg = Debug|x64
		{5B0F20CD-6CFD-4644-9FF3-06ABBDF2DC1F}.Debug|x64.Build.0 = Debug|x64
		{5B0F20CD-6CFD-4644-9FF3-06ABBDF2DC1F}.Debug|x86.ActiveCfg = Debug|Win32
		{5B0F20CD-6CFD-4644-9FF3-06ABBDF2DC1F}.Debug|x86.Build.0 = Debug|Win32
		{5B0F20CD-6CFD-4644-9FF3-06ABBDF2DC1F}.Release|x64.ActiveCfg = Release|x64
		{5B0F20CD-6CFD-4644-9FF3-06ABBDF2DC1F}.Release|x64.Build.0 = Release|x64
		{5B0F20CD-6CFD-4644-9FF3-06ABBDF2DC1F}.Release|x86.ActiveCfg = Release|Win32
		{5B0F20CD-6CFD-4644-9FF3-06ABBDF2DC1F}.Release|x86.Build.0 = Release|Win32
	EndGlobalSection
	GlobalSection(SolutionProperties) = preSolution
		HideSolutionNode = FALSE
	EndGlobalSection
	GlobalSection(ExtensibilityGlobals) = postSolution
		SolutionGuid = {A4E80FB8-0A5A-4C38-8815-7B73826D4261}
	EndGlobalSection
EndGlobal
